
Microsoft Visual Studio Solution File, Format Version 12.00
# Visual Studio Version 16
VisualStudioVersion = 16.0.31019.35
MinimumVisualStudioVersion = 10.0.40219.1
Project("{FAE04EC0-301F-11D3-BF4B-00C04F79EFBC}") = "RazorPagesMovie", "RazorPagesMovie\RazorPagesMovie.csproj", "{95659DB1-0F13-4181-AFAB-7193D7157495}"
EndProject
Global
	GlobalSection(SolutionConfigurationPlatforms) = preSolution
		Debug|Any CPU = Debug|Any CPU
		Release|Any CPU = Release|Any CPU
	EndGlobalSection
	GlobalSection(ProjectConfigurationPlatforms) = postSolution
		{95659DB1-0F13-4181-AFAB-7193D7157495}.Debug|Any CPU.ActiveCfg = Debug|Any CPU
		{95659DB1-0F13-4181-AFAB-7193D7157495}.Debug|Any CPU.Build.0 = Debug|Any CPU
		{95659DB1-0F13-4181-AFAB-7193D7157495}.Release|Any CPU.ActiveCfg = Release|Any CPU
		{95659DB1-0F13-4181-AFAB-7193D7157495}.Release|Any CPU.Build.0 = Release|Any CPU
	EndGlobalSection
	GlobalSection(SolutionProperties) = preSolution
		HideSolutionNode = FALSE
	EndGlobalSection
	GlobalSection(ExtensibilityGlobals) = postSolution
		SolutionGuid = {FD27150E-8FE0-4A2D-93E5-1B5E82A60F49}
	EndGlobalSection
EndGlobal
