
Microsoft Visual Studio Solution File, Format Version 12.00
# Visual Studio Version 16
VisualStudioVersion = 16.0.31019.35
MinimumVisualStudioVersion = 10.0.40219.1
Project("{FAE04EC0-301F-11D3-BF4B-00C04F79EFBC}") = "MvcMovie", "MvcMovie\MvcMovie.csproj", "{18E24927-6A3A-4E98-8629-1F977630BDC3}"
EndProject
Global
	GlobalSection(SolutionConfigurationPlatforms) = preSolution
		Debug|Any CPU = Debug|Any CPU
		Release|Any CPU = Release|Any CPU
	EndGlobalSection
	GlobalSection(ProjectConfigurationPlatforms) = postSolution
		{18E24927-6A3A-4E98-8629-1F977630BDC3}.Debug|Any CPU.ActiveCfg = Debug|Any CPU
		{18E24927-6A3A-4E98-8629-1F977630BDC3}.Debug|Any CPU.Build.0 = Debug|Any CPU
		{18E24927-6A3A-4E98-8629-1F977630BDC3}.Release|Any CPU.ActiveCfg = Release|Any CPU
		{18E24927-6A3A-4E98-8629-1F977630BDC3}.Release|Any CPU.Build.0 = Release|Any CPU
	EndGlobalSection
	GlobalSection(SolutionProperties) = preSolution
		HideSolutionNode = FALSE
	EndGlobalSection
	GlobalSection(ExtensibilityGlobals) = postSolution
		SolutionGuid = {AD3E206F-9CE1-401A-84DE-55479C01E403}
	EndGlobalSection
EndGlobal
